
Microsoft Visual Studio Solution File, Format Version 12.00
# Visual Studio Version 16
VisualStudioVersion = 16.0.29920.165
MinimumVisualStudioVersion = 10.0.40219.1
Project("{FAE04EC0-301F-11D3-BF4B-00C04F79EFBC}") = "HELP", "HELP.csproj", "{BA7A572E-32CD-4B41-A737-A76695A43A87}"
EndProject
Global
	GlobalSection(SolutionConfigurationPlatforms) = preSolution
		Debug|Any CPU = Debug|Any CPU
		Release|Any CPU = Release|Any CPU
	EndGlobalSection
	GlobalSection(ProjectConfigurationPlatforms) = postSolution
		{BA7A572E-32CD-4B41-A737-A76695A43A87}.Debug|Any CPU.ActiveCfg = Debug|Any CPU
		{BA7A572E-32CD-4B41-A737-A76695A43A87}.Debug|Any CPU.Build.0 = Debug|Any CPU
		{BA7A572E-32CD-4B41-A737-A76695A43A87}.Release|Any CPU.ActiveCfg = Release|Any CPU
		{BA7A572E-32CD-4B41-A737-A76695A43A87}.Release|Any CPU.Build.0 = Release|Any CPU
	EndGlobalSection
	GlobalSection(SolutionProperties) = preSolution
		HideSolutionNode = FALSE
	EndGlobalSection
	GlobalSection(ExtensibilityGlobals) = postSolution
		SolutionGuid = {0F7FBE30-DB20-4076-8C1A-6934AECB94FF}
	EndGlobalSection
EndGlobal
