
Microsoft Visual Studio Solution File, Format Version 12.00
# Visual Studio Version 16
VisualStudioVersion = 16.0.30104.148
MinimumVisualStudioVersion = 10.0.40219.1
Project("{FAE04EC0-301F-11D3-BF4B-00C04F79EFBC}") = "HELP", "HELP.csproj", "{ACAD7DE3-0771-4602-9D8B-5500DBF78D2E}"
EndProject
Project("{FAE04EC0-301F-11D3-BF4B-00C04F79EFBC}") = "ConnectionConfigurator", "..\ConnectionConfigurator\ConnectionConfigurator.csproj", "{A7E72538-8AD5-47D4-8224-0BA40198C4FB}"
EndProject
Global
	GlobalSection(SolutionConfigurationPlatforms) = preSolution
		Debug|Any CPU = Debug|Any CPU
		Release|Any CPU = Release|Any CPU
	EndGlobalSection
	GlobalSection(ProjectConfigurationPlatforms) = postSolution
		{ACAD7DE3-0771-4602-9D8B-5500DBF78D2E}.Debug|Any CPU.ActiveCfg = Debug|Any CPU
		{ACAD7DE3-0771-4602-9D8B-5500DBF78D2E}.Debug|Any CPU.Build.0 = Debug|Any CPU
		{ACAD7DE3-0771-4602-9D8B-5500DBF78D2E}.Release|Any CPU.ActiveCfg = Release|Any CPU
		{ACAD7DE3-0771-4602-9D8B-5500DBF78D2E}.Release|Any CPU.Build.0 = Release|Any CPU
		{A7E72538-8AD5-47D4-8224-0BA40198C4FB}.Debug|Any CPU.ActiveCfg = Debug|Any CPU
		{A7E72538-8AD5-47D4-8224-0BA40198C4FB}.Debug|Any CPU.Build.0 = Debug|Any CPU
		{A7E72538-8AD5-47D4-8224-0BA40198C4FB}.Release|Any CPU.ActiveCfg = Release|Any CPU
		{A7E72538-8AD5-47D4-8224-0BA40198C4FB}.Release|Any CPU.Build.0 = Release|Any CPU
	EndGlobalSection
	GlobalSection(SolutionProperties) = preSolution
		HideSolutionNode = FALSE
	EndGlobalSection
	GlobalSection(ExtensibilityGlobals) = postSolution
		SolutionGuid = {7218588E-4FE6-478F-8948-94D02A36F892}
	EndGlobalSection
EndGlobal
